{
  "version": 4,
  "terraform_version": "0.13.2",
  "serial": 43,
  "lineage": "b52273ef-c0db-217a-e3fa-592a2d739de7",
  "outputs": {},
  "resources": [
    {
      "mode": "managed",
      "type": "squadcast_service",
      "name": "roz",
      "provider": "provider[\"squadcast.com/tp/squadcast\"]",
      "instances": [
        {
          "schema_version": 0,
          "attributes": {
            "description": "Integrating Datadog with Squadcast",
            "email_prefix": "xya@gmal.com",
            "escalation_policy_id": "5f35a422ce4a1800086df873",
            "id": "datadog_service1",
            "name": "datadog_service1",
            "sid": "5f54f2c6959afff7e249d508"
          },
          "private": "bnVsbA=="
        }
      ]
    }
  ]
}
